
Microsoft Visual Studio Solution File, Format Version 12.00
# Visual Studio Version 16
VisualStudioVersion = 16.0.29519.181
MinimumVisualStudioVersion = 10.0.40219.1
Project("{FAE04EC0-301F-11D3-BF4B-00C04F79EFBC}") = "My-MusicPlayer", "My-MusicPlayer\My-MusicPlayer.csproj", "{A8C21E2F-C6D7-41D1-AE06-59E6E0EE4458}"
EndProject
Global
	GlobalSection(SolutionConfigurationPlatforms) = preSolution
		Debug|Any CPU = Debug|Any CPU
		Release|Any CPU = Release|Any CPU
	EndGlobalSection
	GlobalSection(ProjectConfigurationPlatforms) = postSolution
		{A8C21E2F-C6D7-41D1-AE06-59E6E0EE4458}.Debug|Any CPU.ActiveCfg = Debug|Any CPU
		{A8C21E2F-C6D7-41D1-AE06-59E6E0EE4458}.Debug|Any CPU.Build.0 = Debug|Any CPU
		{A8C21E2F-C6D7-41D1-AE06-59E6E0EE4458}.Release|Any CPU.ActiveCfg = Release|Any CPU
		{A8C21E2F-C6D7-41D1-AE06-59E6E0EE4458}.Release|Any CPU.Build.0 = Release|Any CPU
	EndGlobalSection
	GlobalSection(SolutionProperties) = preSolution
		HideSolutionNode = FALSE
	EndGlobalSection
	GlobalSection(ExtensibilityGlobals) = postSolution
		SolutionGuid = {F9750FF0-3374-4046-B023-65C74446D883}
	EndGlobalSection
EndGlobal
